
Microsoft Visual Studio Solution File, Format Version 12.00
# Visual Studio Version 17
VisualStudioVersion = 17.5.33424.131
MinimumVisualStudioVersion = 10.0.40219.1
Project("{8BC9CEB8-8B4A-11D0-8D11-00A0C91BC942}") = "Pointers", "Pointers\Pointers.vcxproj", "{2729C1D2-908B-4A57-96E9-E50944489362}"
EndProject
Project("{8BC9CEB8-8B4A-11D0-8D11-00A0C91BC942}") = "DinamicMemery", "DinamicMemery\DinamicMemery.vcxproj", "{B5373084-0E1D-4C6E-B412-4BA87F8483E3}"
EndProject
Project("{8BC9CEB8-8B4A-11D0-8D11-00A0C91BC942}") = "Split", "Split\Split.vcxproj", "{3CAF929E-89E4-4C54-95EB-34973D90457E}"
EndProject
Project("{8BC9CEB8-8B4A-11D0-8D11-00A0C91BC942}") = "TransportParametrs", "TransportParametrs\TransportParametrs.vcxproj", "{8098F4F6-4745-4BCF-891D-7DFD8489C783}"
EndProject
Global
	GlobalSection(SolutionConfigurationPlatforms) = preSolution
		Debug|x64 = Debug|x64
		Debug|x86 = Debug|x86
		Release|x64 = Release|x64
		Release|x86 = Release|x86
	EndGlobalSection
	GlobalSection(ProjectConfigurationPlatforms) = postSolution
		{2729C1D2-908B-4A57-96E9-E50944489362}.Debug|x64.ActiveCfg = Debug|x64
		{2729C1D2-908B-4A57-96E9-E50944489362}.Debug|x64.Build.0 = Debug|x64
		{2729C1D2-908B-4A57-96E9-E50944489362}.Debug|x86.ActiveCfg = Debug|Win32
		{2729C1D2-908B-4A57-96E9-E50944489362}.Debug|x86.Build.0 = Debug|Win32
		{2729C1D2-908B-4A57-96E9-E50944489362}.Release|x64.ActiveCfg = Release|x64
		{2729C1D2-908B-4A57-96E9-E50944489362}.Release|x64.Build.0 = Release|x64
		{2729C1D2-908B-4A57-96E9-E50944489362}.Release|x86.ActiveCfg = Release|Win32
		{2729C1D2-908B-4A57-96E9-E50944489362}.Release|x86.Build.0 = Release|Win32
		{B5373084-0E1D-4C6E-B412-4BA87F8483E3}.Debug|x64.ActiveCfg = Debug|x64
		{B5373084-0E1D-4C6E-B412-4BA87F8483E3}.Debug|x64.Build.0 = Debug|x64
		{B5373084-0E1D-4C6E-B412-4BA87F8483E3}.Debug|x86.ActiveCfg = Debug|Win32
		{B5373084-0E1D-4C6E-B412-4BA87F8483E3}.Debug|x86.Build.0 = Debug|Win32
		{B5373084-0E1D-4C6E-B412-4BA87F8483E3}.Release|x64.ActiveCfg = Release|x64
		{B5373084-0E1D-4C6E-B412-4BA87F8483E3}.Release|x64.Build.0 = Release|x64
		{B5373084-0E1D-4C6E-B412-4BA87F8483E3}.Release|x86.ActiveCfg = Release|Win32
		{B5373084-0E1D-4C6E-B412-4BA87F8483E3}.Release|x86.Build.0 = Release|Win32
		{3CAF929E-89E4-4C54-95EB-34973D90457E}.Debug|x64.ActiveCfg = Debug|x64
		{3CAF929E-89E4-4C54-95EB-34973D90457E}.Debug|x64.Build.0 = Debug|x64
		{3CAF929E-89E4-4C54-95EB-34973D90457E}.Debug|x86.ActiveCfg = Debug|Win32
		{3CAF929E-89E4-4C54-95EB-34973D90457E}.Debug|x86.Build.0 = Debug|Win32
		{3CAF929E-89E4-4C54-95EB-34973D90457E}.Release|x64.ActiveCfg = Release|x64
		{3CAF929E-89E4-4C54-95EB-34973D90457E}.Release|x64.Build.0 = Release|x64
		{3CAF929E-89E4-4C54-95EB-34973D90457E}.Release|x86.ActiveCfg = Release|Win32
		{3CAF929E-89E4-4C54-95EB-34973D90457E}.Release|x86.Build.0 = Release|Win32
		{8098F4F6-4745-4BCF-891D-7DFD8489C783}.Debug|x64.ActiveCfg = Debug|x64
		{8098F4F6-4745-4BCF-891D-7DFD8489C783}.Debug|x64.Build.0 = Debug|x64
		{8098F4F6-4745-4BCF-891D-7DFD8489C783}.Debug|x86.ActiveCfg = Debug|Win32
		{8098F4F6-4745-4BCF-891D-7DFD8489C783}.Debug|x86.Build.0 = Debug|Win32
		{8098F4F6-4745-4BCF-891D-7DFD8489C783}.Release|x64.ActiveCfg = Release|x64
		{8098F4F6-4745-4BCF-891D-7DFD8489C783}.Release|x64.Build.0 = Release|x64
		{8098F4F6-4745-4BCF-891D-7DFD8489C783}.Release|x86.ActiveCfg = Release|Win32
		{8098F4F6-4745-4BCF-891D-7DFD8489C783}.Release|x86.Build.0 = Release|Win32
	EndGlobalSection
	GlobalSection(SolutionProperties) = preSolution
		HideSolutionNode = FALSE
	EndGlobalSection
	GlobalSection(ExtensibilityGlobals) = postSolution
		SolutionGuid = {1683355A-755A-412D-9A48-434BBA93B533}
	EndGlobalSection
EndGlobal
